// !$*UTF8*$!
{
	archiveVersion = 1;
	classes = {
	};
	objectVersion = 50;
	objects = {

/* Begin PBXBuildFile section */
		0C4B158024FCCA6600D22B14 /* AppDelegate.m in Sources */ = {isa = PBXBuildFile; fileRef = 0C4B157F24FCCA6600D22B14 /* AppDelegate.m */; };
		0C4B158324FCCA6600D22B14 /* SceneDelegate.m in Sources */ = {isa = PBXBuildFile; fileRef = 0C4B158224FCCA6600D22B14 /* SceneDelegate.m */; };
		0C4B158624FCCA6600D22B14 /* ViewController.m in Sources */ = {isa = PBXBuildFile; fileRef = 0C4B158524FCCA6600D22B14 /* ViewController.m */; };
		0C4B158924FCCA6600D22B14 /* Main.storyboard in Resources */ = {isa = PBXBuildFile; fileRef = 0C4B158724FCCA6600D22B14 /* Main.storyboard */; };
		0C4B158B24FCCA6800D22B14 /* Assets.xcassets in Resources */ = {isa = PBXBuildFile; fileRef = 0C4B158A24FCCA6800D22B14 /* Assets.xcassets */; };
		0C4B158E24FCCA6800D22B14 /* LaunchScreen.storyboard in Resources */ = {isa = PBXBuildFile; fileRef = 0C4B158C24FCCA6800D22B14 /* LaunchScreen.storyboard */; };
		0C4B159124FCCA6800D22B14 /* main.m in Sources */ = {isa = PBXBuildFile; fileRef = 0C4B159024FCCA6800D22B14 /* main.m */; };
		0C4B159E24FCD34400D22B14 /* ResourcePoolConfig.m in Sources */ = {isa = PBXBuildFile; fileRef = 0C4B159D24FCD34400D22B14 /* ResourcePoolConfig.m */; };
		0C4B15A724FCEDE500D22B14 /* UserVo.m in Sources */ = {isa = PBXBuildFile; fileRef = 0C4B15A624FCEDE500D22B14 /* UserVo.m */; };
		0C4B15AA24FCEF2100D22B14 /* UserController.m in Sources */ = {isa = PBXBuildFile; fileRef = 0C4B15A924FCEF2100D22B14 /* UserController.m */; };
		0C4B15AD24FCEF3500D22B14 /* UserControllerProxy.m in Sources */ = {isa = PBXBuildFile; fileRef = 0C4B15AC24FCEF3500D22B14 /* UserControllerProxy.m */; };
		0C4B15B224FDE46900D22B14 /* TelephoneMsgSender.m in Sources */ = {isa = PBXBuildFile; fileRef = 0C4B15B124FDE46900D22B14 /* TelephoneMsgSender.m */; };
		0C4B15B524FDE4EE00D22B14 /* EmailMsgSender.m in Sources */ = {isa = PBXBuildFile; fileRef = 0C4B15B424FDE4EE00D22B14 /* EmailMsgSender.m */; };
		0C4B15B824FDE50C00D22B14 /* WechatMsgSender.m in Sources */ = {isa = PBXBuildFile; fileRef = 0C4B15B724FDE50C00D22B14 /* WechatMsgSender.m */; };
		0C4B15BB24FDE53B00D22B14 /* Notification.m in Sources */ = {isa = PBXBuildFile; fileRef = 0C4B15BA24FDE53B00D22B14 /* Notification.m */; };
		0C4B15BE24FDE89E00D22B14 /* SevereNotification.m in Sources */ = {isa = PBXBuildFile; fileRef = 0C4B15BD24FDE89E00D22B14 /* SevereNotification.m */; };
		0C4B15C124FDE8B900D22B14 /* UrgencyNotification.m in Sources */ = {isa = PBXBuildFile; fileRef = 0C4B15C024FDE8B900D22B14 /* UrgencyNotification.m */; };
		0C4B15C424FDE8C800D22B14 /* NormalNotification.m in Sources */ = {isa = PBXBuildFile; fileRef = 0C4B15C324FDE8C800D22B14 /* NormalNotification.m */; };
		0C4B15C724FDEB0300D22B14 /* TestNotification.m in Sources */ = {isa = PBXBuildFile; fileRef = 0C4B15C624FDEB0300D22B14 /* TestNotification.m */; };
		0C4B15E324FE5D2C00D22B14 /* InputStream.m in Sources */ = {isa = PBXBuildFile; fileRef = 0C4B15E224FE5D2C00D22B14 /* InputStream.m */; };
/* End PBXBuildFile section */

/* Begin PBXFileReference section */
		0C4B157B24FCCA6600D22B14 /* DesignMode.app */ = {isa = PBXFileReference; explicitFileType = wrapper.application; includeInIndex = 0; path = DesignMode.app; sourceTree = BUILT_PRODUCTS_DIR; };
		0C4B157E24FCCA6600D22B14 /* AppDelegate.h */ = {isa = PBXFileReference; lastKnownFileType = sourcecode.c.h; path = AppDelegate.h; sourceTree = "<group>"; };
		0C4B157F24FCCA6600D22B14 /* AppDelegate.m */ = {isa = PBXFileReference; lastKnownFileType = sourcecode.c.objc; path = AppDelegate.m; sourceTree = "<group>"; };
		0C4B158124FCCA6600D22B14 /* SceneDelegate.h */ = {isa = PBXFileReference; lastKnownFileType = sourcecode.c.h; path = SceneDelegate.h; sourceTree = "<group>"; };
		0C4B158224FCCA6600D22B14 /* SceneDelegate.m */ = {isa = PBXFileReference; lastKnownFileType = sourcecode.c.objc; path = SceneDelegate.m; sourceTree = "<group>"; };
		0C4B158424FCCA6600D22B14 /* ViewController.h */ = {isa = PBXFileReference; lastKnownFileType = sourcecode.c.h; path = ViewController.h; sourceTree = "<group>"; };
		0C4B158524FCCA6600D22B14 /* ViewController.m */ = {isa = PBXFileReference; lastKnownFileType = sourcecode.c.objc; path = ViewController.m; sourceTree = "<group>"; };
		0C4B158824FCCA6600D22B14 /* Base */ = {isa = PBXFileReference; lastKnownFileType = file.storyboard; name = Base; path = Base.lproj/Main.storyboard; sourceTree = "<group>"; };
		0C4B158A24FCCA6800D22B14 /* Assets.xcassets */ = {isa = PBXFileReference; lastKnownFileType = folder.assetcatalog; path = Assets.xcassets; sourceTree = "<group>"; };
		0C4B158D24FCCA6800D22B14 /* Base */ = {isa = PBXFileReference; lastKnownFileType = file.storyboard; name = Base; path = Base.lproj/LaunchScreen.storyboard; sourceTree = "<group>"; };
		0C4B158F24FCCA6800D22B14 /* Info.plist */ = {isa = PBXFileReference; lastKnownFileType = text.plist.xml; path = Info.plist; sourceTree = "<group>"; };
		0C4B159024FCCA6800D22B14 /* main.m */ = {isa = PBXFileReference; lastKnownFileType = sourcecode.c.objc; path = main.m; sourceTree = "<group>"; };
		0C4B159C24FCD34400D22B14 /* ResourcePoolConfig.h */ = {isa = PBXFileReference; lastKnownFileType = sourcecode.c.h; path = ResourcePoolConfig.h; sourceTree = "<group>"; };
		0C4B159D24FCD34400D22B14 /* ResourcePoolConfig.m */ = {isa = PBXFileReference; lastKnownFileType = sourcecode.c.objc; path = ResourcePoolConfig.m; sourceTree = "<group>"; };
		0C4B15A424FCEDB700D22B14 /* IUserController.h */ = {isa = PBXFileReference; lastKnownFileType = sourcecode.c.h; path = IUserController.h; sourceTree = "<group>"; };
		0C4B15A524FCEDE500D22B14 /* UserVo.h */ = {isa = PBXFileReference; lastKnownFileType = sourcecode.c.h; path = UserVo.h; sourceTree = "<group>"; };
		0C4B15A624FCEDE500D22B14 /* UserVo.m */ = {isa = PBXFileReference; lastKnownFileType = sourcecode.c.objc; path = UserVo.m; sourceTree = "<group>"; };
		0C4B15A824FCEF2100D22B14 /* UserController.h */ = {isa = PBXFileReference; lastKnownFileType = sourcecode.c.h; path = UserController.h; sourceTree = "<group>"; };
		0C4B15A924FCEF2100D22B14 /* UserController.m */ = {isa = PBXFileReference; lastKnownFileType = sourcecode.c.objc; path = UserController.m; sourceTree = "<group>"; };
		0C4B15AB24FCEF3500D22B14 /* UserControllerProxy.h */ = {isa = PBXFileReference; lastKnownFileType = sourcecode.c.h; path = UserControllerProxy.h; sourceTree = "<group>"; };
		0C4B15AC24FCEF3500D22B14 /* UserControllerProxy.m */ = {isa = PBXFileReference; lastKnownFileType = sourcecode.c.objc; path = UserControllerProxy.m; sourceTree = "<group>"; };
		0C4B15AF24FDE42900D22B14 /* MsgSender.h */ = {isa = PBXFileReference; lastKnownFileType = sourcecode.c.h; path = MsgSender.h; sourceTree = "<group>"; };
		0C4B15B024FDE46900D22B14 /* TelephoneMsgSender.h */ = {isa = PBXFileReference; lastKnownFileType = sourcecode.c.h; path = TelephoneMsgSender.h; sourceTree = "<group>"; };
		0C4B15B124FDE46900D22B14 /* TelephoneMsgSender.m */ = {isa = PBXFileReference; lastKnownFileType = sourcecode.c.objc; path = TelephoneMsgSender.m; sourceTree = "<group>"; };
		0C4B15B324FDE4EE00D22B14 /* EmailMsgSender.h */ = {isa = PBXFileReference; lastKnownFileType = sourcecode.c.h; path = EmailMsgSender.h; sourceTree = "<group>"; };
		0C4B15B424FDE4EE00D22B14 /* EmailMsgSender.m */ = {isa = PBXFileReference; lastKnownFileType = sourcecode.c.objc; path = EmailMsgSender.m; sourceTree = "<group>"; };
		0C4B15B624FDE50C00D22B14 /* WechatMsgSender.h */ = {isa = PBXFileReference; lastKnownFileType = sourcecode.c.h; path = WechatMsgSender.h; sourceTree = "<group>"; };
		0C4B15B724FDE50C00D22B14 /* WechatMsgSender.m */ = {isa = PBXFileReference; lastKnownFileType = sourcecode.c.objc; path = WechatMsgSender.m; sourceTree = "<group>"; };
		0C4B15B924FDE53B00D22B14 /* Notification.h */ = {isa = PBXFileReference; lastKnownFileType = sourcecode.c.h; path = Notification.h; sourceTree = "<group>"; };
		0C4B15BA24FDE53B00D22B14 /* Notification.m */ = {isa = PBXFileReference; lastKnownFileType = sourcecode.c.objc; path = Notification.m; sourceTree = "<group>"; };
		0C4B15BC24FDE89E00D22B14 /* SevereNotification.h */ = {isa = PBXFileReference; lastKnownFileType = sourcecode.c.h; path = SevereNotification.h; sourceTree = "<group>"; };
		0C4B15BD24FDE89E00D22B14 /* SevereNotification.m */ = {isa = PBXFileReference; lastKnownFileType = sourcecode.c.objc; path = SevereNotification.m; sourceTree = "<group>"; };
		0C4B15BF24FDE8B900D22B14 /* UrgencyNotification.h */ = {isa = PBXFileReference; lastKnownFileType = sourcecode.c.h; path = UrgencyNotification.h; sourceTree = "<group>"; };
		0C4B15C024FDE8B900D22B14 /* UrgencyNotification.m */ = {isa = PBXFileReference; lastKnownFileType = sourcecode.c.objc; path = UrgencyNotification.m; sourceTree = "<group>"; };
		0C4B15C224FDE8C800D22B14 /* NormalNotification.h */ = {isa = PBXFileReference; lastKnownFileType = sourcecode.c.h; path = NormalNotification.h; sourceTree = "<group>"; };
		0C4B15C324FDE8C800D22B14 /* NormalNotification.m */ = {isa = PBXFileReference; lastKnownFileType = sourcecode.c.objc; path = NormalNotification.m; sourceTree = "<group>"; };
		0C4B15C524FDEB0300D22B14 /* TestNotification.h */ = {isa = PBXFileReference; lastKnownFileType = sourcecode.c.h; path = TestNotification.h; sourceTree = "<group>"; };
		0C4B15C624FDEB0300D22B14 /* TestNotification.m */ = {isa = PBXFileReference; lastKnownFileType = sourcecode.c.objc; path = TestNotification.m; sourceTree = "<group>"; };
		0C4B15E124FE5D2C00D22B14 /* InputStream.h */ = {isa = PBXFileReference; lastKnownFileType = sourcecode.c.h; path = InputStream.h; sourceTree = "<group>"; };
		0C4B15E224FE5D2C00D22B14 /* InputStream.m */ = {isa = PBXFileReference; lastKnownFileType = sourcecode.c.objc; path = InputStream.m; sourceTree = "<group>"; };
/* End PBXFileReference section */

/* Begin PBXFrameworksBuildPhase section */
		0C4B157824FCCA6600D22B14 /* Frameworks */ = {
			isa = PBXFrameworksBuildPhase;
			buildActionMask = 2147483647;
			files = (
			);
			runOnlyForDeploymentPostprocessing = 0;
		};
/* End PBXFrameworksBuildPhase section */

/* Begin PBXGroup section */
		0C4B157224FCCA6600D22B14 = {
			isa = PBXGroup;
			children = (
				0C4B157D24FCCA6600D22B14 /* DesignMode */,
				0C4B157C24FCCA6600D22B14 /* Products */,
			);
			sourceTree = "<group>";
		};
		0C4B157C24FCCA6600D22B14 /* Products */ = {
			isa = PBXGroup;
			children = (
				0C4B157B24FCCA6600D22B14 /* DesignMode.app */,
			);
			name = Products;
			sourceTree = "<group>";
		};
		0C4B157D24FCCA6600D22B14 /* DesignMode */ = {
			isa = PBXGroup;
			children = (
				0C4B159824FCCA8400D22B14 /* 创建型 */,
				0C4B159724FCCA7700D22B14 /* 结构型 */,
				0C4B157E24FCCA6600D22B14 /* AppDelegate.h */,
				0C4B157F24FCCA6600D22B14 /* AppDelegate.m */,
				0C4B158124FCCA6600D22B14 /* SceneDelegate.h */,
				0C4B158224FCCA6600D22B14 /* SceneDelegate.m */,
				0C4B158424FCCA6600D22B14 /* ViewController.h */,
				0C4B158524FCCA6600D22B14 /* ViewController.m */,
				0C4B158724FCCA6600D22B14 /* Main.storyboard */,
				0C4B158A24FCCA6800D22B14 /* Assets.xcassets */,
				0C4B158C24FCCA6800D22B14 /* LaunchScreen.storyboard */,
				0C4B158F24FCCA6800D22B14 /* Info.plist */,
				0C4B159024FCCA6800D22B14 /* main.m */,
			);
			path = DesignMode;
			sourceTree = "<group>";
		};
		0C4B159724FCCA7700D22B14 /* 结构型 */ = {
			isa = PBXGroup;
			children = (
				0C4B15E024FE5D1400D22B14 /* 装饰器模式 */,
				0C4B15A324FCE18700D22B14 /* 代理模式 */,
				0C4B15AE24FDE3FA00D22B14 /* 桥接模式 */,
			);
			path = "结构型";
			sourceTree = "<group>";
		};
		0C4B159824FCCA8400D22B14 /* 创建型 */ = {
			isa = PBXGroup;
			children = (
				0C4B15A224FCDF1D00D22B14 /* 原型模式 */,
				0C4B159B24FCCAB100D22B14 /* 建造者模式 */,
				0C4B159A24FCCAA900D22B14 /* 工厂模式 */,
				0C4B159924FCCA8F00D22B14 /* 单例模式 */,
			);
			path = "创建型";
			sourceTree = "<group>";
		};
		0C4B159924FCCA8F00D22B14 /* 单例模式 */ = {
			isa = PBXGroup;
			children = (
			);
			path = "单例模式";
			sourceTree = "<group>";
		};
		0C4B159A24FCCAA900D22B14 /* 工厂模式 */ = {
			isa = PBXGroup;
			children = (
			);
			path = "工厂模式";
			sourceTree = "<group>";
		};
		0C4B159B24FCCAB100D22B14 /* 建造者模式 */ = {
			isa = PBXGroup;
			children = (
				0C4B159C24FCD34400D22B14 /* ResourcePoolConfig.h */,
				0C4B159D24FCD34400D22B14 /* ResourcePoolConfig.m */,
			);
			path = "建造者模式";
			sourceTree = "<group>";
		};
		0C4B15A224FCDF1D00D22B14 /* 原型模式 */ = {
			isa = PBXGroup;
			children = (
			);
			path = "原型模式";
			sourceTree = "<group>";
		};
		0C4B15A324FCE18700D22B14 /* 代理模式 */ = {
			isa = PBXGroup;
			children = (
				0C4B15A424FCEDB700D22B14 /* IUserController.h */,
				0C4B15A524FCEDE500D22B14 /* UserVo.h */,
				0C4B15A624FCEDE500D22B14 /* UserVo.m */,
				0C4B15A824FCEF2100D22B14 /* UserController.h */,
				0C4B15A924FCEF2100D22B14 /* UserController.m */,
				0C4B15AB24FCEF3500D22B14 /* UserControllerProxy.h */,
				0C4B15AC24FCEF3500D22B14 /* UserControllerProxy.m */,
			);
			path = "代理模式";
			sourceTree = "<group>";
		};
		0C4B15AE24FDE3FA00D22B14 /* 桥接模式 */ = {
			isa = PBXGroup;
			children = (
				0C4B15AF24FDE42900D22B14 /* MsgSender.h */,
				0C4B15B024FDE46900D22B14 /* TelephoneMsgSender.h */,
				0C4B15B124FDE46900D22B14 /* TelephoneMsgSender.m */,
				0C4B15B324FDE4EE00D22B14 /* EmailMsgSender.h */,
				0C4B15B424FDE4EE00D22B14 /* EmailMsgSender.m */,
				0C4B15B624FDE50C00D22B14 /* WechatMsgSender.h */,
				0C4B15B724FDE50C00D22B14 /* WechatMsgSender.m */,
				0C4B15B924FDE53B00D22B14 /* Notification.h */,
				0C4B15BA24FDE53B00D22B14 /* Notification.m */,
				0C4B15BC24FDE89E00D22B14 /* SevereNotification.h */,
				0C4B15BD24FDE89E00D22B14 /* SevereNotification.m */,
				0C4B15BF24FDE8B900D22B14 /* UrgencyNotification.h */,
				0C4B15C024FDE8B900D22B14 /* UrgencyNotification.m */,
				0C4B15C224FDE8C800D22B14 /* NormalNotification.h */,
				0C4B15C324FDE8C800D22B14 /* NormalNotification.m */,
				0C4B15C524FDEB0300D22B14 /* TestNotification.h */,
				0C4B15C624FDEB0300D22B14 /* TestNotification.m */,
			);
			path = "桥接模式";
			sourceTree = "<group>";
		};
		0C4B15E024FE5D1400D22B14 /* 装饰器模式 */ = {
			isa = PBXGroup;
			children = (
				0C4B15E124FE5D2C00D22B14 /* InputStream.h */,
				0C4B15E224FE5D2C00D22B14 /* InputStream.m */,
			);
			path = "装饰器模式";
			sourceTree = "<group>";
		};
/* End PBXGroup section */

/* Begin PBXNativeTarget section */
		0C4B157A24FCCA6600D22B14 /* DesignMode */ = {
			isa = PBXNativeTarget;
			buildConfigurationList = 0C4B159424FCCA6800D22B14 /* Build configuration list for PBXNativeTarget "DesignMode" */;
			buildPhases = (
				0C4B157724FCCA6600D22B14 /* Sources */,
				0C4B157824FCCA6600D22B14 /* Frameworks */,
				0C4B157924FCCA6600D22B14 /* Resources */,
			);
			buildRules = (
			);
			dependencies = (
			);
			name = DesignMode;
			productName = DesignMode;
			productReference = 0C4B157B24FCCA6600D22B14 /* DesignMode.app */;
			productType = "com.apple.product-type.application";
		};
/* End PBXNativeTarget section */

/* Begin PBXProject section */
		0C4B157324FCCA6600D22B14 /* Project object */ = {
			isa = PBXProject;
			attributes = {
				LastUpgradeCheck = 1140;
				ORGANIZATIONNAME = zxfei;
				TargetAttributes = {
					0C4B157A24FCCA6600D22B14 = {
						CreatedOnToolsVersion = 11.4;
					};
				};
			};
			buildConfigurationList = 0C4B157624FCCA6600D22B14 /* Build configuration list for PBXProject "DesignMode" */;
			compatibilityVersion = "Xcode 9.3";
			developmentRegion = en;
			hasScannedForEncodings = 0;
			knownRegions = (
				en,
				Base,
			);
			mainGroup = 0C4B157224FCCA6600D22B14;
			productRefGroup = 0C4B157C24FCCA6600D22B14 /* Products */;
			projectDirPath = "";
			projectRoot = "";
			targets = (
				0C4B157A24FCCA6600D22B14 /* DesignMode */,
			);
		};
/* End PBXProject section */

/* Begin PBXResourcesBuildPhase section */
		0C4B157924FCCA6600D22B14 /* Resources */ = {
			isa = PBXResourcesBuildPhase;
			buildActionMask = 2147483647;
			files = (
				0C4B158E24FCCA6800D22B14 /* LaunchScreen.storyboard in Resources */,
				0C4B158B24FCCA6800D22B14 /* Assets.xcassets in Resources */,
				0C4B158924FCCA6600D22B14 /* Main.storyboard in Resources */,
			);
			runOnlyForDeploymentPostprocessing = 0;
		};
/* End PBXResourcesBuildPhase section */

/* Begin PBXSourcesBuildPhase section */
		0C4B157724FCCA6600D22B14 /* Sources */ = {
			isa = PBXSourcesBuildPhase;
			buildActionMask = 2147483647;
			files = (
				0C4B15BB24FDE53B00D22B14 /* Notification.m in Sources */,
				0C4B15BE24FDE89E00D22B14 /* SevereNotification.m in Sources */,
				0C4B15C424FDE8C800D22B14 /* NormalNotification.m in Sources */,
				0C4B15B824FDE50C00D22B14 /* WechatMsgSender.m in Sources */,
				0C4B15C724FDEB0300D22B14 /* TestNotification.m in Sources */,
				0C4B158624FCCA6600D22B14 /* ViewController.m in Sources */,
				0C4B15C124FDE8B900D22B14 /* UrgencyNotification.m in Sources */,
				0C4B15B524FDE4EE00D22B14 /* EmailMsgSender.m in Sources */,
				0C4B15E324FE5D2C00D22B14 /* InputStream.m in Sources */,
				0C4B15B224FDE46900D22B14 /* TelephoneMsgSender.m in Sources */,
				0C4B15AA24FCEF2100D22B14 /* UserController.m in Sources */,
				0C4B15A724FCEDE500D22B14 /* UserVo.m in Sources */,
				0C4B158024FCCA6600D22B14 /* AppDelegate.m in Sources */,
				0C4B159E24FCD34400D22B14 /* ResourcePoolConfig.m in Sources */,
				0C4B15AD24FCEF3500D22B14 /* UserControllerProxy.m in Sources */,
				0C4B159124FCCA6800D22B14 /* main.m in Sources */,
				0C4B158324FCCA6600D22B14 /* SceneDelegate.m in Sources */,
			);
			runOnlyForDeploymentPostprocessing = 0;
		};
/* End PBXSourcesBuildPhase section */

/* Begin PBXVariantGroup section */
		0C4B158724FCCA6600D22B14 /* Main.storyboard */ = {
			isa = PBXVariantGroup;
			children = (
				0C4B158824FCCA6600D22B14 /* Base */,
			);
			name = Main.storyboard;
			sourceTree = "<group>";
		};
		0C4B158C24FCCA6800D22B14 /* LaunchScreen.storyboard */ = {
			isa = PBXVariantGroup;
			children = (
				0C4B158D24FCCA6800D22B14 /* Base */,
			);
			name = LaunchScreen.storyboard;
			sourceTree = "<group>";
		};
/* End PBXVariantGroup section */

/* Begin XCBuildConfiguration section */
		0C4B159224FCCA6800D22B14 /* Debug */ = {
			isa = XCBuildConfiguration;
			buildSettings = {
				ALWAYS_SEARCH_USER_PATHS = NO;
				CLANG_ANALYZER_NONNULL = YES;
				CLANG_ANALYZER_NUMBER_OBJECT_CONVERSION = YES_AGGRESSIVE;
				CLANG_CXX_LANGUAGE_STANDARD = "gnu++14";
				CLANG_CXX_LIBRARY = "libc++";
				CLANG_ENABLE_MODULES = YES;
				CLANG_ENABLE_OBJC_ARC = YES;
				CLANG_ENABLE_OBJC_WEAK = YES;
				CLANG_WARN_BLOCK_CAPTURE_AUTORELEASING = YES;
				CLANG_WARN_BOOL_CONVERSION = YES;
				CLANG_WARN_COMMA = YES;
				CLANG_WARN_CONSTANT_CONVERSION = YES;
				CLANG_WARN_DEPRECATED_OBJC_IMPLEMENTATIONS = YES;
				CLANG_WARN_DIRECT_OBJC_ISA_USAGE = YES_ERROR;
				CLANG_WARN_DOCUMENTATION_COMMENTS = YES;
				CLANG_WARN_EMPTY_BODY = YES;
				CLANG_WARN_ENUM_CONVERSION = YES;
				CLANG_WARN_INFINITE_RECURSION = YES;
				CLANG_WARN_INT_CONVERSION = YES;
				CLANG_WARN_NON_LITERAL_NULL_CONVERSION = YES;
				CLANG_WARN_OBJC_IMPLICIT_RETAIN_SELF = YES;
				CLANG_WARN_OBJC_LITERAL_CONVERSION = YES;
				CLANG_WARN_OBJC_ROOT_CLASS = YES_ERROR;
				CLANG_WARN_RANGE_LOOP_ANALYSIS = YES;
				CLANG_WARN_STRICT_PROTOTYPES = YES;
				CLANG_WARN_SUSPICIOUS_MOVE = YES;
				CLANG_WARN_UNGUARDED_AVAILABILITY = YES_AGGRESSIVE;
				CLANG_WARN_UNREACHABLE_CODE = YES;
				CLANG_WARN__DUPLICATE_METHOD_MATCH = YES;
				COPY_PHASE_STRIP = NO;
				DEBUG_INFORMATION_FORMAT = dwarf;
				ENABLE_STRICT_OBJC_MSGSEND = YES;
				ENABLE_TESTABILITY = YES;
				GCC_C_LANGUAGE_STANDARD = gnu11;
				GCC_DYNAMIC_NO_PIC = NO;
				GCC_NO_COMMON_BLOCKS = YES;
				GCC_OPTIMIZATION_LEVEL = 0;
				GCC_PREPROCESSOR_DEFINITIONS = (
					"DEBUG=1",
					"$(inherited)",
				);
				GCC_WARN_64_TO_32_BIT_CONVERSION = YES;
				GCC_WARN_ABOUT_RETURN_TYPE = YES_ERROR;
				GCC_WARN_UNDECLARED_SELECTOR = YES;
				GCC_WARN_UNINITIALIZED_AUTOS = YES_AGGRESSIVE;
				GCC_WARN_UNUSED_FUNCTION = YES;
				GCC_WARN_UNUSED_VARIABLE = YES;
				IPHONEOS_DEPLOYMENT_TARGET = 13.4;
				MTL_ENABLE_DEBUG_INFO = INCLUDE_SOURCE;
				MTL_FAST_MATH = YES;
				ONLY_ACTIVE_ARCH = YES;
				SDKROOT = iphoneos;
			};
			name = Debug;
		};
		0C4B159324FCCA6800D22B14 /* Release */ = {
			isa = XCBuildConfiguration;
			buildSettings = {
				ALWAYS_SEARCH_USER_PATHS = NO;
				CLANG_ANALYZER_NONNULL = YES;
				CLANG_ANALYZER_NUMBER_OBJECT_CONVERSION = YES_AGGRESSIVE;
				CLANG_CXX_LANGUAGE_STANDARD = "gnu++14";
				CLANG_CXX_LIBRARY = "libc++";
				CLANG_ENABLE_MODULES = YES;
				CLANG_ENABLE_OBJC_ARC = YES;
				CLANG_ENABLE_OBJC_WEAK = YES;
				CLANG_WARN_BLOCK_CAPTURE_AUTORELEASING = YES;
				CLANG_WARN_BOOL_CONVERSION = YES;
				CLANG_WARN_COMMA = YES;
				CLANG_WARN_CONSTANT_CONVERSION = YES;
				CLANG_WARN_DEPRECATED_OBJC_IMPLEMENTATIONS = YES;
				CLANG_WARN_DIRECT_OBJC_ISA_USAGE = YES_ERROR;
				CLANG_WARN_DOCUMENTATION_COMMENTS = YES;
				CLANG_WARN_EMPTY_BODY = YES;
				CLANG_WARN_ENUM_CONVERSION = YES;
				CLANG_WARN_INFINITE_RECURSION = YES;
				CLANG_WARN_INT_CONVERSION = YES;
				CLANG_WARN_NON_LITERAL_NULL_CONVERSION = YES;
				CLANG_WARN_OBJC_IMPLICIT_RETAIN_SELF = YES;
				CLANG_WARN_OBJC_LITERAL_CONVERSION = YES;
				CLANG_WARN_OBJC_ROOT_CLASS = YES_ERROR;
				CLANG_WARN_RANGE_LOOP_ANALYSIS = YES;
				CLANG_WARN_STRICT_PROTOTYPES = YES;
				CLANG_WARN_SUSPICIOUS_MOVE = YES;
				CLANG_WARN_UNGUARDED_AVAILABILITY = YES_AGGRESSIVE;
				CLANG_WARN_UNREACHABLE_CODE = YES;
				CLANG_WARN__DUPLICATE_METHOD_MATCH = YES;
				COPY_PHASE_STRIP = NO;
				DEBUG_INFORMATION_FORMAT = "dwarf-with-dsym";
				ENABLE_NS_ASSERTIONS = NO;
				ENABLE_STRICT_OBJC_MSGSEND = YES;
				GCC_C_LANGUAGE_STANDARD = gnu11;
				GCC_NO_COMMON_BLOCKS = YES;
				GCC_WARN_64_TO_32_BIT_CONVERSION = YES;
				GCC_WARN_ABOUT_RETURN_TYPE = YES_ERROR;
				GCC_WARN_UNDECLARED_SELECTOR = YES;
				GCC_WARN_UNINITIALIZED_AUTOS = YES_AGGRESSIVE;
				GCC_WARN_UNUSED_FUNCTION = YES;
				GCC_WARN_UNUSED_VARIABLE = YES;
				IPHONEOS_DEPLOYMENT_TARGET = 13.4;
				MTL_ENABLE_DEBUG_INFO = NO;
				MTL_FAST_MATH = YES;
				SDKROOT = iphoneos;
				VALIDATE_PRODUCT = YES;
			};
			name = Release;
		};
		0C4B159524FCCA6800D22B14 /* Debug */ = {
			isa = XCBuildConfiguration;
			buildSettings = {
				ASSETCATALOG_COMPILER_APPICON_NAME = AppIcon;
				CODE_SIGN_STYLE = Automatic;
				DEVELOPMENT_TEAM = CQVGB7E6CK;
				INFOPLIST_FILE = DesignMode/Info.plist;
				LD_RUNPATH_SEARCH_PATHS = (
					"$(inherited)",
					"@executable_path/Frameworks",
				);
				PRODUCT_BUNDLE_IDENTIFIER = com.zxfei.DesignMode;
				PRODUCT_NAME = "$(TARGET_NAME)";
				TARGETED_DEVICE_FAMILY = "1,2";
			};
			name = Debug;
		};
		0C4B159624FCCA6800D22B14 /* Release */ = {
			isa = XCBuildConfiguration;
			buildSettings = {
				ASSETCATALOG_COMPILER_APPICON_NAME = AppIcon;
				CODE_SIGN_STYLE = Automatic;
				DEVELOPMENT_TEAM = CQVGB7E6CK;
				INFOPLIST_FILE = DesignMode/Info.plist;
				LD_RUNPATH_SEARCH_PATHS = (
					"$(inherited)",
					"@executable_path/Frameworks",
				);
				PRODUCT_BUNDLE_IDENTIFIER = com.zxfei.DesignMode;
				PRODUCT_NAME = "$(TARGET_NAME)";
				TARGETED_DEVICE_FAMILY = "1,2";
			};
			name = Release;
		};
/* End XCBuildConfiguration section */

/* Begin XCConfigurationList section */
		0C4B157624FCCA6600D22B14 /* Build configuration list for PBXProject "DesignMode" */ = {
			isa = XCConfigurationList;
			buildConfigurations = (
				0C4B159224FCCA6800D22B14 /* Debug */,
				0C4B159324FCCA6800D22B14 /* Release */,
			);
			defaultConfigurationIsVisible = 0;
			defaultConfigurationName = Release;
		};
		0C4B159424FCCA6800D22B14 /* Build configuration list for PBXNativeTarget "DesignMode" */ = {
			isa = XCConfigurationList;
			buildConfigurations = (
				0C4B159524FCCA6800D22B14 /* Debug */,
				0C4B159624FCCA6800D22B14 /* Release */,
			);
			defaultConfigurationIsVisible = 0;
			defaultConfigurationName = Release;
		};
/* End XCConfigurationList section */
	};
	rootObject = 0C4B157324FCCA6600D22B14 /* Project object */;
}
